// !$*UTF8*$!
{
	archiveVersion = 1;
	classes = {
	};
	objectVersion = 55;
	objects = {

/* Begin PBXBuildFile section */
		F0E7B3D328A6686E00F9C9A6 /* AppDelegate.swift in Sources */ = {isa = PBXBuildFile; fileRef = F0E7B3D228A6686E00F9C9A6 /* AppDelegate.swift */; };
		F0E7B3D528A6686E00F9C9A6 /* SceneDelegate.swift in Sources */ = {isa = PBXBuildFile; fileRef = F0E7B3D428A6686E00F9C9A6 /* SceneDelegate.swift */; };
		F0E7B3D728A6686E00F9C9A6 /* ViewController.swift in Sources */ = {isa = PBXBuildFile; fileRef = F0E7B3D628A6686E00F9C9A6 /* ViewController.swift */; };
		F0E7B3DA28A6686E00F9C9A6 /* Main.storyboard in Resources */ = {isa = PBXBuildFile; fileRef = F0E7B3D828A6686E00F9C9A6 /* Main.storyboard */; };
		F0E7B3DC28A6686F00F9C9A6 /* Assets.xcassets in Resources */ = {isa = PBXBuildFile; fileRef = F0E7B3DB28A6686F00F9C9A6 /* Assets.xcassets */; };
		F0E7B3DF28A6686F00F9C9A6 /* LaunchScreen.storyboard in Resources */ = {isa = PBXBuildFile; fileRef = F0E7B3DD28A6686F00F9C9A6 /* LaunchScreen.storyboard */; };
		F0E7B3EA28A6686F00F9C9A6 /* SwiftAppTestingTests.swift in Sources */ = {isa = PBXBuildFile; fileRef = F0E7B3E928A6686F00F9C9A6 /* SwiftAppTestingTests.swift */; };
		F0E7B3F428A6686F00F9C9A6 /* SwiftAppTestingUITests.swift in Sources */ = {isa = PBXBuildFile; fileRef = F0E7B3F328A6686F00F9C9A6 /* SwiftAppTestingUITests.swift */; };
		F0E7B3F628A6686F00F9C9A6 /* SwiftAppTestingUITestsLaunchTests.swift in Sources */ = {isa = PBXBuildFile; fileRef = F0E7B3F528A6686F00F9C9A6 /* SwiftAppTestingUITestsLaunchTests.swift */; };
		F0E7B40328A6688400F9C9A6 /* MathematicFunctions.swift in Sources */ = {isa = PBXBuildFile; fileRef = F0E7B40228A6688400F9C9A6 /* MathematicFunctions.swift */; };
/* End PBXBuildFile section */

/* Begin PBXContainerItemProxy section */
		F0E7B3E628A6686F00F9C9A6 /* PBXContainerItemProxy */ = {
			isa = PBXContainerItemProxy;
			containerPortal = F0E7B3C728A6686E00F9C9A6 /* Project object */;
			proxyType = 1;
			remoteGlobalIDString = F0E7B3CE28A6686E00F9C9A6;
			remoteInfo = SwiftAppTesting;
		};
		F0E7B3F028A6686F00F9C9A6 /* PBXContainerItemProxy */ = {
			isa = PBXContainerItemProxy;
			containerPortal = F0E7B3C728A6686E00F9C9A6 /* Project object */;
			proxyType = 1;
			remoteGlobalIDString = F0E7B3CE28A6686E00F9C9A6;
			remoteInfo = SwiftAppTesting;
		};
/* End PBXContainerItemProxy section */

/* Begin PBXFileReference section */
		F0E7B3CF28A6686E00F9C9A6 /* SwiftAppTesting.app */ = {isa = PBXFileReference; explicitFileType = wrapper.application; includeInIndex = 0; path = SwiftAppTesting.app; sourceTree = BUILT_PRODUCTS_DIR; };
		F0E7B3D228A6686E00F9C9A6 /* AppDelegate.swift */ = {isa = PBXFileReference; lastKnownFileType = sourcecode.swift; path = AppDelegate.swift; sourceTree = "<group>"; };
		F0E7B3D428A6686E00F9C9A6 /* SceneDelegate.swift */ = {isa = PBXFileReference; lastKnownFileType = sourcecode.swift; path = SceneDelegate.swift; sourceTree = "<group>"; };
		F0E7B3D628A6686E00F9C9A6 /* ViewController.swift */ = {isa = PBXFileReference; lastKnownFileType = sourcecode.swift; path = ViewController.swift; sourceTree = "<group>"; };
		F0E7B3D928A6686E00F9C9A6 /* Base */ = {isa = PBXFileReference; lastKnownFileType = file.storyboard; name = Base; path = Base.lproj/Main.storyboard; sourceTree = "<group>"; };
		F0E7B3DB28A6686F00F9C9A6 /* Assets.xcassets */ = {isa = PBXFileReference; lastKnownFileType = folder.assetcatalog; path = Assets.xcassets; sourceTree = "<group>"; };
		F0E7B3DE28A6686F00F9C9A6 /* Base */ = {isa = PBXFileReference; lastKnownFileType = file.storyboard; name = Base; path = Base.lproj/LaunchScreen.storyboard; sourceTree = "<group>"; };
		F0E7B3E028A6686F00F9C9A6 /* Info.plist */ = {isa = PBXFileReference; lastKnownFileType = text.plist.xml; path = Info.plist; sourceTree = "<group>"; };
		F0E7B3E528A6686F00F9C9A6 /* SwiftAppTestingTests.xctest */ = {isa = PBXFileReference; explicitFileType = wrapper.cfbundle; includeInIndex = 0; path = SwiftAppTestingTests.xctest; sourceTree = BUILT_PRODUCTS_DIR; };
		F0E7B3E928A6686F00F9C9A6 /* SwiftAppTestingTests.swift */ = {isa = PBXFileReference; lastKnownFileType = sourcecode.swift; path = SwiftAppTestingTests.swift; sourceTree = "<group>"; };
		F0E7B3EF28A6686F00F9C9A6 /* SwiftAppTestingUITests.xctest */ = {isa = PBXFileReference; explicitFileType = wrapper.cfbundle; includeInIndex = 0; path = SwiftAppTestingUITests.xctest; sourceTree = BUILT_PRODUCTS_DIR; };
		F0E7B3F328A6686F00F9C9A6 /* SwiftAppTestingUITests.swift */ = {isa = PBXFileReference; lastKnownFileType = sourcecode.swift; path = SwiftAppTestingUITests.swift; sourceTree = "<group>"; };
		F0E7B3F528A6686F00F9C9A6 /* SwiftAppTestingUITestsLaunchTests.swift */ = {isa = PBXFileReference; lastKnownFileType = sourcecode.swift; path = SwiftAppTestingUITestsLaunchTests.swift; sourceTree = "<group>"; };
		F0E7B40228A6688400F9C9A6 /* MathematicFunctions.swift */ = {isa = PBXFileReference; lastKnownFileType = sourcecode.swift; path = MathematicFunctions.swift; sourceTree = "<group>"; };
/* End PBXFileReference section */

/* Begin PBXFrameworksBuildPhase section */
		F0E7B3CC28A6686E00F9C9A6 /* Frameworks */ = {
			isa = PBXFrameworksBuildPhase;
			buildActionMask = 2147483647;
			files = (
			);
			runOnlyForDeploymentPostprocessing = 0;
		};
		F0E7B3E228A6686F00F9C9A6 /* Frameworks */ = {
			isa = PBXFrameworksBuildPhase;
			buildActionMask = 2147483647;
			files = (
			);
			runOnlyForDeploymentPostprocessing = 0;
		};
		F0E7B3EC28A6686F00F9C9A6 /* Frameworks */ = {
			isa = PBXFrameworksBuildPhase;
			buildActionMask = 2147483647;
			files = (
			);
			runOnlyForDeploymentPostprocessing = 0;
		};
/* End PBXFrameworksBuildPhase section */

/* Begin PBXGroup section */
		F0E7B3C628A6686E00F9C9A6 = {
			isa = PBXGroup;
			children = (
				F0E7B3D128A6686E00F9C9A6 /* SwiftAppTesting */,
				F0E7B3E828A6686F00F9C9A6 /* SwiftAppTestingTests */,
				F0E7B3F228A6686F00F9C9A6 /* SwiftAppTestingUITests */,
				F0E7B3D028A6686E00F9C9A6 /* Products */,
			);
			sourceTree = "<group>";
		};
		F0E7B3D028A6686E00F9C9A6 /* Products */ = {
			isa = PBXGroup;
			children = (
				F0E7B3CF28A6686E00F9C9A6 /* SwiftAppTesting.app */,
				F0E7B3E528A6686F00F9C9A6 /* SwiftAppTestingTests.xctest */,
				F0E7B3EF28A6686F00F9C9A6 /* SwiftAppTestingUITests.xctest */,
			);
			name = Products;
			sourceTree = "<group>";
		};
		F0E7B3D128A6686E00F9C9A6 /* SwiftAppTesting */ = {
			isa = PBXGroup;
			children = (
				F0E7B3D228A6686E00F9C9A6 /* AppDelegate.swift */,
				F0E7B3D428A6686E00F9C9A6 /* SceneDelegate.swift */,
				F0E7B3D628A6686E00F9C9A6 /* ViewController.swift */,
				F0E7B40228A6688400F9C9A6 /* MathematicFunctions.swift */,
				F0E7B3D828A6686E00F9C9A6 /* Main.storyboard */,
				F0E7B3DB28A6686F00F9C9A6 /* Assets.xcassets */,
				F0E7B3DD28A6686F00F9C9A6 /* LaunchScreen.storyboard */,
				F0E7B3E028A6686F00F9C9A6 /* Info.plist */,
			);
			path = SwiftAppTesting;
			sourceTree = "<group>";
		};
		F0E7B3E828A6686F00F9C9A6 /* SwiftAppTestingTests */ = {
			isa = PBXGroup;
			children = (
				F0E7B3E928A6686F00F9C9A6 /* SwiftAppTestingTests.swift */,
			);
			path = SwiftAppTestingTests;
			sourceTree = "<group>";
		};
		F0E7B3F228A6686F00F9C9A6 /* SwiftAppTestingUITests */ = {
			isa = PBXGroup;
			children = (
				F0E7B3F328A6686F00F9C9A6 /* SwiftAppTestingUITests.swift */,
				F0E7B3F528A6686F00F9C9A6 /* SwiftAppTestingUITestsLaunchTests.swift */,
			);
			path = SwiftAppTestingUITests;
			sourceTree = "<group>";
		};
/* End PBXGroup section */

/* Begin PBXNativeTarget section */
		F0E7B3CE28A6686E00F9C9A6 /* SwiftAppTesting */ = {
			isa = PBXNativeTarget;
			buildConfigurationList = F0E7B3F928A6686F00F9C9A6 /* Build configuration list for PBXNativeTarget "SwiftAppTesting" */;
			buildPhases = (
				F0E7B3CB28A6686E00F9C9A6 /* Sources */,
				F0E7B3CC28A6686E00F9C9A6 /* Frameworks */,
				F0E7B3CD28A6686E00F9C9A6 /* Resources */,
			);
			buildRules = (
			);
			dependencies = (
			);
			name = SwiftAppTesting;
			productName = SwiftAppTesting;
			productReference = F0E7B3CF28A6686E00F9C9A6 /* SwiftAppTesting.app */;
			productType = "com.apple.product-type.application";
		};
		F0E7B3E428A6686F00F9C9A6 /* SwiftAppTestingTests */ = {
			isa = PBXNativeTarget;
			buildConfigurationList = F0E7B3FC28A6686F00F9C9A6 /* Build configuration list for PBXNativeTarget "SwiftAppTestingTests" */;
			buildPhases = (
				F0E7B3E128A6686F00F9C9A6 /* Sources */,
				F0E7B3E228A6686F00F9C9A6 /* Frameworks */,
				F0E7B3E328A6686F00F9C9A6 /* Resources */,
			);
			buildRules = (
			);
			dependencies = (
				F0E7B3E728A6686F00F9C9A6 /* PBXTargetDependency */,
			);
			name = SwiftAppTestingTests;
			productName = SwiftAppTestingTests;
			productReference = F0E7B3E528A6686F00F9C9A6 /* SwiftAppTestingTests.xctest */;
			productType = "com.apple.product-type.bundle.unit-test";
		};
		F0E7B3EE28A6686F00F9C9A6 /* SwiftAppTestingUITests */ = {
			isa = PBXNativeTarget;
			buildConfigurationList = F0E7B3FF28A6686F00F9C9A6 /* Build configuration list for PBXNativeTarget "SwiftAppTestingUITests" */;
			buildPhases = (
				F0E7B3EB28A6686F00F9C9A6 /* Sources */,
				F0E7B3EC28A6686F00F9C9A6 /* Frameworks */,
				F0E7B3ED28A6686F00F9C9A6 /* Resources */,
			);
			buildRules = (
			);
			dependencies = (
				F0E7B3F128A6686F00F9C9A6 /* PBXTargetDependency */,
			);
			name = SwiftAppTestingUITests;
			productName = SwiftAppTestingUITests;
			productReference = F0E7B3EF28A6686F00F9C9A6 /* SwiftAppTestingUITests.xctest */;
			productType = "com.apple.product-type.bundle.ui-testing";
		};
/* End PBXNativeTarget section */

/* Begin PBXProject section */
		F0E7B3C728A6686E00F9C9A6 /* Project object */ = {
			isa = PBXProject;
			attributes = {
				BuildIndependentTargetsInParallel = 1;
				LastSwiftUpdateCheck = 1340;
				LastUpgradeCheck = 1340;
				TargetAttributes = {
					F0E7B3CE28A6686E00F9C9A6 = {
						CreatedOnToolsVersion = 13.4.1;
					};
					F0E7B3E428A6686F00F9C9A6 = {
						CreatedOnToolsVersion = 13.4.1;
						TestTargetID = F0E7B3CE28A6686E00F9C9A6;
					};
					F0E7B3EE28A6686F00F9C9A6 = {
						CreatedOnToolsVersion = 13.4.1;
						TestTargetID = F0E7B3CE28A6686E00F9C9A6;
					};
				};
			};
			buildConfigurationList = F0E7B3CA28A6686E00F9C9A6 /* Build configuration list for PBXProject "SwiftAppTesting" */;
			compatibilityVersion = "Xcode 13.0";
			developmentRegion = en;
			hasScannedForEncodings = 0;
			knownRegions = (
				en,
				Base,
			);
			mainGroup = F0E7B3C628A6686E00F9C9A6;
			productRefGroup = F0E7B3D028A6686E00F9C9A6 /* Products */;
			projectDirPath = "";
			projectRoot = "";
			targets = (
				F0E7B3CE28A6686E00F9C9A6 /* SwiftAppTesting */,
				F0E7B3E428A6686F00F9C9A6 /* SwiftAppTestingTests */,
				F0E7B3EE28A6686F00F9C9A6 /* SwiftAppTestingUITests */,
			);
		};
/* End PBXProject section */

/* Begin PBXResourcesBuildPhase section */
		F0E7B3CD28A6686E00F9C9A6 /* Resources */ = {
			isa = PBXResourcesBuildPhase;
			buildActionMask = 2147483647;
			files = (
				F0E7B3DF28A6686F00F9C9A6 /* LaunchScreen.storyboard in Resources */,
				F0E7B3DC28A6686F00F9C9A6 /* Assets.xcassets in Resources */,
				F0E7B3DA28A6686E00F9C9A6 /* Main.storyboard in Resources */,
			);
			runOnlyForDeploymentPostprocessing = 0;
		};
		F0E7B3E328A6686F00F9C9A6 /* Resources */ = {
			isa = PBXResourcesBuildPhase;
			buildActionMask = 2147483647;
			files = (
			);
			runOnlyForDeploymentPostprocessing = 0;
		};
		F0E7B3ED28A6686F00F9C9A6 /* Resources */ = {
			isa = PBXResourcesBuildPhase;
			buildActionMask = 2147483647;
			files = (
			);
			runOnlyForDeploymentPostprocessing = 0;
		};
/* End PBXResourcesBuildPhase section */

/* Begin PBXSourcesBuildPhase section */
		F0E7B3CB28A6686E00F9C9A6 /* Sources */ = {
			isa = PBXSourcesBuildPhase;
			buildActionMask = 2147483647;
			files = (
				F0E7B3D728A6686E00F9C9A6 /* ViewController.swift in Sources */,
				F0E7B3D328A6686E00F9C9A6 /* AppDelegate.swift in Sources */,
				F0E7B40328A6688400F9C9A6 /* MathematicFunctions.swift in Sources */,
				F0E7B3D528A6686E00F9C9A6 /* SceneDelegate.swift in Sources */,
			);
			runOnlyForDeploymentPostprocessing = 0;
		};
		F0E7B3E128A6686F00F9C9A6 /* Sources */ = {
			isa = PBXSourcesBuildPhase;
			buildActionMask = 2147483647;
			files = (
				F0E7B3EA28A6686F00F9C9A6 /* SwiftAppTestingTests.swift in Sources */,
			);
			runOnlyForDeploymentPostprocessing = 0;
		};
		F0E7B3EB28A6686F00F9C9A6 /* Sources */ = {
			isa = PBXSourcesBuildPhase;
			buildActionMask = 2147483647;
			files = (
				F0E7B3F428A6686F00F9C9A6 /* SwiftAppTestingUITests.swift in Sources */,
				F0E7B3F628A6686F00F9C9A6 /* SwiftAppTestingUITestsLaunchTests.swift in Sources */,
			);
			runOnlyForDeploymentPostprocessing = 0;
		};
/* End PBXSourcesBuildPhase section */

/* Begin PBXTargetDependency section */
		F0E7B3E728A6686F00F9C9A6 /* PBXTargetDependency */ = {
			isa = PBXTargetDependency;
			target = F0E7B3CE28A6686E00F9C9A6 /* SwiftAppTesting */;
			targetProxy = F0E7B3E628A6686F00F9C9A6 /* PBXContainerItemProxy */;
		};
		F0E7B3F128A6686F00F9C9A6 /* PBXTargetDependency */ = {
			isa = PBXTargetDependency;
			target = F0E7B3CE28A6686E00F9C9A6 /* SwiftAppTesting */;
			targetProxy = F0E7B3F028A6686F00F9C9A6 /* PBXContainerItemProxy */;
		};
/* End PBXTargetDependency section */

/* Begin PBXVariantGroup section */
		F0E7B3D828A6686E00F9C9A6 /* Main.storyboard */ = {
			isa = PBXVariantGroup;
			children = (
				F0E7B3D928A6686E00F9C9A6 /* Base */,
			);
			name = Main.storyboard;
			sourceTree = "<group>";
		};
		F0E7B3DD28A6686F00F9C9A6 /* LaunchScreen.storyboard */ = {
			isa = PBXVariantGroup;
			children = (
				F0E7B3DE28A6686F00F9C9A6 /* Base */,
			);
			name = LaunchScreen.storyboard;
			sourceTree = "<group>";
		};
/* End PBXVariantGroup section */

/* Begin XCBuildConfiguration section */
		F0E7B3F728A6686F00F9C9A6 /* Debug */ = {
			isa = XCBuildConfiguration;
			buildSettings = {
				ALWAYS_SEARCH_USER_PATHS = NO;
				CLANG_ANALYZER_NONNULL = YES;
				CLANG_ANALYZER_NUMBER_OBJECT_CONVERSION = YES_AGGRESSIVE;
				CLANG_CXX_LANGUAGE_STANDARD = "gnu++17";
				CLANG_ENABLE_MODULES = YES;
				CLANG_ENABLE_OBJC_ARC = YES;
				CLANG_ENABLE_OBJC_WEAK = YES;
				CLANG_WARN_BLOCK_CAPTURE_AUTORELEASING = YES;
				CLANG_WARN_BOOL_CONVERSION = YES;
				CLANG_WARN_COMMA = YES;
				CLANG_WARN_CONSTANT_CONVERSION = YES;
				CLANG_WARN_DEPRECATED_OBJC_IMPLEMENTATIONS = YES;
				CLANG_WARN_DIRECT_OBJC_ISA_USAGE = YES_ERROR;
				CLANG_WARN_DOCUMENTATION_COMMENTS = YES;
				CLANG_WARN_EMPTY_BODY = YES;
				CLANG_WARN_ENUM_CONVERSION = YES;
				CLANG_WARN_INFINITE_RECURSION = YES;
				CLANG_WARN_INT_CONVERSION = YES;
				CLANG_WARN_NON_LITERAL_NULL_CONVERSION = YES;
				CLANG_WARN_OBJC_IMPLICIT_RETAIN_SELF = YES;
				CLANG_WARN_OBJC_LITERAL_CONVERSION = YES;
				CLANG_WARN_OBJC_ROOT_CLASS = YES_ERROR;
				CLANG_WARN_QUOTED_INCLUDE_IN_FRAMEWORK_HEADER = YES;
				CLANG_WARN_RANGE_LOOP_ANALYSIS = YES;
				CLANG_WARN_STRICT_PROTOTYPES = YES;
				CLANG_WARN_SUSPICIOUS_MOVE = YES;
				CLANG_WARN_UNGUARDED_AVAILABILITY = YES_AGGRESSIVE;
				CLANG_WARN_UNREACHABLE_CODE = YES;
				CLANG_WARN__DUPLICATE_METHOD_MATCH = YES;
				COPY_PHASE_STRIP = NO;
				DEBUG_INFORMATION_FORMAT = dwarf;
				ENABLE_STRICT_OBJC_MSGSEND = YES;
				ENABLE_TESTABILITY = YES;
				GCC_C_LANGUAGE_STANDARD = gnu11;
				GCC_DYNAMIC_NO_PIC = NO;
				GCC_NO_COMMON_BLOCKS = YES;
				GCC_OPTIMIZATION_LEVEL = 0;
				GCC_PREPROCESSOR_DEFINITIONS = (
					"DEBUG=1",
					"$(inherited)",
				);
				GCC_WARN_64_TO_32_BIT_CONVERSION = YES;
				GCC_WARN_ABOUT_RETURN_TYPE = YES_ERROR;
				GCC_WARN_UNDECLARED_SELECTOR = YES;
				GCC_WARN_UNINITIALIZED_AUTOS = YES_AGGRESSIVE;
				GCC_WARN_UNUSED_FUNCTION = YES;
				GCC_WARN_UNUSED_VARIABLE = YES;
				IPHONEOS_DEPLOYMENT_TARGET = 15.5;
				MTL_ENABLE_DEBUG_INFO = INCLUDE_SOURCE;
				MTL_FAST_MATH = YES;
				ONLY_ACTIVE_ARCH = YES;
				SDKROOT = iphoneos;
				SWIFT_ACTIVE_COMPILATION_CONDITIONS = DEBUG;
				SWIFT_OPTIMIZATION_LEVEL = "-Onone";
			};
			name = Debug;
		};
		F0E7B3F828A6686F00F9C9A6 /* Release */ = {
			isa = XCBuildConfiguration;
			buildSettings = {
				ALWAYS_SEARCH_USER_PATHS = NO;
				CLANG_ANALYZER_NONNULL = YES;
				CLANG_ANALYZER_NUMBER_OBJECT_CONVERSION = YES_AGGRESSIVE;
				CLANG_CXX_LANGUAGE_STANDARD = "gnu++17";
				CLANG_ENABLE_MODULES = YES;
				CLANG_ENABLE_OBJC_ARC = YES;
				CLANG_ENABLE_OBJC_WEAK = YES;
				CLANG_WARN_BLOCK_CAPTURE_AUTORELEASING = YES;
				CLANG_WARN_BOOL_CONVERSION = YES;
				CLANG_WARN_COMMA = YES;
				CLANG_WARN_CONSTANT_CONVERSION = YES;
				CLANG_WARN_DEPRECATED_OBJC_IMPLEMENTATIONS = YES;
				CLANG_WARN_DIRECT_OBJC_ISA_USAGE = YES_ERROR;
				CLANG_WARN_DOCUMENTATION_COMMENTS = YES;
				CLANG_WARN_EMPTY_BODY = YES;
				CLANG_WARN_ENUM_CONVERSION = YES;
				CLANG_WARN_INFINITE_RECURSION = YES;
				CLANG_WARN_INT_CONVERSION = YES;
				CLANG_WARN_NON_LITERAL_NULL_CONVERSION = YES;
				CLANG_WARN_OBJC_IMPLICIT_RETAIN_SELF = YES;
				CLANG_WARN_OBJC_LITERAL_CONVERSION = YES;
				CLANG_WARN_OBJC_ROOT_CLASS = YES_ERROR;
				CLANG_WARN_QUOTED_INCLUDE_IN_FRAMEWORK_HEADER = YES;
				CLANG_WARN_RANGE_LOOP_ANALYSIS = YES;
				CLANG_WARN_STRICT_PROTOTYPES = YES;
				CLANG_WARN_SUSPICIOUS_MOVE = YES;
				CLANG_WARN_UNGUARDED_AVAILABILITY = YES_AGGRESSIVE;
				CLANG_WARN_UNREACHABLE_CODE = YES;
				CLANG_WARN__DUPLICATE_METHOD_MATCH = YES;
				COPY_PHASE_STRIP = NO;
				DEBUG_INFORMATION_FORMAT = "dwarf-with-dsym";
				ENABLE_NS_ASSERTIONS = NO;
				ENABLE_STRICT_OBJC_MSGSEND = YES;
				GCC_C_LANGUAGE_STANDARD = gnu11;
				GCC_NO_COMMON_BLOCKS = YES;
				GCC_WARN_64_TO_32_BIT_CONVERSION = YES;
				GCC_WARN_ABOUT_RETURN_TYPE = YES_ERROR;
				GCC_WARN_UNDECLARED_SELECTOR = YES;
				GCC_WARN_UNINITIALIZED_AUTOS = YES_AGGRESSIVE;
				GCC_WARN_UNUSED_FUNCTION = YES;
				GCC_WARN_UNUSED_VARIABLE = YES;
				IPHONEOS_DEPLOYMENT_TARGET = 15.5;
				MTL_ENABLE_DEBUG_INFO = NO;
				MTL_FAST_MATH = YES;
				SDKROOT = iphoneos;
				SWIFT_COMPILATION_MODE = wholemodule;
				SWIFT_OPTIMIZATION_LEVEL = "-O";
				VALIDATE_PRODUCT = YES;
			};
			name = Release;
		};
		F0E7B3FA28A6686F00F9C9A6 /* Debug */ = {
			isa = XCBuildConfiguration;
			buildSettings = {
				ASSETCATALOG_COMPILER_APPICON_NAME = AppIcon;
				ASSETCATALOG_COMPILER_GLOBAL_ACCENT_COLOR_NAME = AccentColor;
				CODE_SIGN_STYLE = Automatic;
				CURRENT_PROJECT_VERSION = 1;
				DEVELOPMENT_TEAM = 9U6F2PV66P;
				GENERATE_INFOPLIST_FILE = YES;
				INFOPLIST_FILE = SwiftAppTesting/Info.plist;
				INFOPLIST_KEY_UIApplicationSupportsIndirectInputEvents = YES;
				INFOPLIST_KEY_UILaunchStoryboardName = LaunchScreen;
				INFOPLIST_KEY_UIMainStoryboardFile = Main;
				INFOPLIST_KEY_UISupportedInterfaceOrientations_iPad = "UIInterfaceOrientationPortrait UIInterfaceOrientationPortraitUpsideDown UIInterfaceOrientationLandscapeLeft UIInterfaceOrientationLandscapeRight";
				INFOPLIST_KEY_UISupportedInterfaceOrientations_iPhone = "UIInterfaceOrientationPortrait UIInterfaceOrientationLandscapeLeft UIInterfaceOrientationLandscapeRight";
				LD_RUNPATH_SEARCH_PATHS = (
					"$(inherited)",
					"@executable_path/Frameworks",
				);
				MARKETING_VERSION = 1.0;
				PRODUCT_BUNDLE_IDENTIFIER = com.berkayyalcin.SwiftAppTesting;
				PRODUCT_NAME = "$(TARGET_NAME)";
				SWIFT_EMIT_LOC_STRINGS = YES;
				SWIFT_VERSION = 5.0;
				TARGETED_DEVICE_FAMILY = "1,2";
			};
			name = Debug;
		};
		F0E7B3FB28A6686F00F9C9A6 /* Release */ = {
			isa = XCBuildConfiguration;
			buildSettings = {
				ASSETCATALOG_COMPILER_APPICON_NAME = AppIcon;
				ASSETCATALOG_COMPILER_GLOBAL_ACCENT_COLOR_NAME = AccentColor;
				CODE_SIGN_STYLE = Automatic;
				CURRENT_PROJECT_VERSION = 1;
				DEVELOPMENT_TEAM = 9U6F2PV66P;
				GENERATE_INFOPLIST_FILE = YES;
				INFOPLIST_FILE = SwiftAppTesting/Info.plist;
				INFOPLIST_KEY_UIApplicationSupportsIndirectInputEvents = YES;
				INFOPLIST_KEY_UILaunchStoryboardName = LaunchScreen;
				INFOPLIST_KEY_UIMainStoryboardFile = Main;
				INFOPLIST_KEY_UISupportedInterfaceOrientations_iPad = "UIInterfaceOrientationPortrait UIInterfaceOrientationPortraitUpsideDown UIInterfaceOrientationLandscapeLeft UIInterfaceOrientationLandscapeRight";
				INFOPLIST_KEY_UISupportedInterfaceOrientations_iPhone = "UIInterfaceOrientationPortrait UIInterfaceOrientationLandscapeLeft UIInterfaceOrientationLandscapeRight";
				LD_RUNPATH_SEARCH_PATHS = (
					"$(inherited)",
					"@executable_path/Frameworks",
				);
				MARKETING_VERSION = 1.0;
				PRODUCT_BUNDLE_IDENTIFIER = com.berkayyalcin.SwiftAppTesting;
				PRODUCT_NAME = "$(TARGET_NAME)";
				SWIFT_EMIT_LOC_STRINGS = YES;
				SWIFT_VERSION = 5.0;
				TARGETED_DEVICE_FAMILY = "1,2";
			};
			name = Release;
		};
		F0E7B3FD28A6686F00F9C9A6 /* Debug */ = {
			isa = XCBuildConfiguration;
			buildSettings = {
				ALWAYS_EMBED_SWIFT_STANDARD_LIBRARIES = YES;
				BUNDLE_LOADER = "$(TEST_HOST)";
				CODE_SIGN_STYLE = Automatic;
				CURRENT_PROJECT_VERSION = 1;
				DEVELOPMENT_TEAM = 9U6F2PV66P;
				GENERATE_INFOPLIST_FILE = YES;
				IPHONEOS_DEPLOYMENT_TARGET = 15.5;
				MARKETING_VERSION = 1.0;
				PRODUCT_BUNDLE_IDENTIFIER = com.berkayyalcin.SwiftAppTestingTests;
				PRODUCT_NAME = "$(TARGET_NAME)";
				SWIFT_EMIT_LOC_STRINGS = NO;
				SWIFT_VERSION = 5.0;
				TARGETED_DEVICE_FAMILY = "1,2";
				TEST_HOST = "$(BUILT_PRODUCTS_DIR)/SwiftAppTesting.app/SwiftAppTesting";
			};
			name = Debug;
		};
		F0E7B3FE28A6686F00F9C9A6 /* Release */ = {
			isa = XCBuildConfiguration;
			buildSettings = {
				ALWAYS_EMBED_SWIFT_STANDARD_LIBRARIES = YES;
				BUNDLE_LOADER = "$(TEST_HOST)";
				CODE_SIGN_STYLE = Automatic;
				CURRENT_PROJECT_VERSION = 1;
				DEVELOPMENT_TEAM = 9U6F2PV66P;
				GENERATE_INFOPLIST_FILE = YES;
				IPHONEOS_DEPLOYMENT_TARGET = 15.5;
				MARKETING_VERSION = 1.0;
				PRODUCT_BUNDLE_IDENTIFIER = com.berkayyalcin.SwiftAppTestingTests;
				PRODUCT_NAME = "$(TARGET_NAME)";
				SWIFT_EMIT_LOC_STRINGS = NO;
				SWIFT_VERSION = 5.0;
				TARGETED_DEVICE_FAMILY = "1,2";
				TEST_HOST = "$(BUILT_PRODUCTS_DIR)/SwiftAppTesting.app/SwiftAppTesting";
			};
			name = Release;
		};
		F0E7B40028A6686F00F9C9A6 /* Debug */ = {
			isa = XCBuildConfiguration;
			buildSettings = {
				ALWAYS_EMBED_SWIFT_STANDARD_LIBRARIES = YES;
				CODE_SIGN_STYLE = Automatic;
				CURRENT_PROJECT_VERSION = 1;
				DEVELOPMENT_TEAM = 9U6F2PV66P;
				GENERATE_INFOPLIST_FILE = YES;
				MARKETING_VERSION = 1.0;
				PRODUCT_BUNDLE_IDENTIFIER = com.berkayyalcin.SwiftAppTestingUITests;
				PRODUCT_NAME = "$(TARGET_NAME)";
				SWIFT_EMIT_LOC_STRINGS = NO;
				SWIFT_VERSION = 5.0;
				TARGETED_DEVICE_FAMILY = "1,2";
				TEST_TARGET_NAME = SwiftAppTesting;
			};
			name = Debug;
		};
		F0E7B40128A6686F00F9C9A6 /* Release */ = {
			isa = XCBuildConfiguration;
			buildSettings = {
				ALWAYS_EMBED_SWIFT_STANDARD_LIBRARIES = YES;
				CODE_SIGN_STYLE = Automatic;
				CURRENT_PROJECT_VERSION = 1;
				DEVELOPMENT_TEAM = 9U6F2PV66P;
				GENERATE_INFOPLIST_FILE = YES;
				MARKETING_VERSION = 1.0;
				PRODUCT_BUNDLE_IDENTIFIER = com.berkayyalcin.SwiftAppTestingUITests;
				PRODUCT_NAME = "$(TARGET_NAME)";
				SWIFT_EMIT_LOC_STRINGS = NO;
				SWIFT_VERSION = 5.0;
				TARGETED_DEVICE_FAMILY = "1,2";
				TEST_TARGET_NAME = SwiftAppTesting;
			};
			name = Release;
		};
/* End XCBuildConfiguration section */

/* Begin XCConfigurationList section */
		F0E7B3CA28A6686E00F9C9A6 /* Build configuration list for PBXProject "SwiftAppTesting" */ = {
			isa = XCConfigurationList;
			buildConfigurations = (
				F0E7B3F728A6686F00F9C9A6 /* Debug */,
				F0E7B3F828A6686F00F9C9A6 /* Release */,
			);
			defaultConfigurationIsVisible = 0;
			defaultConfigurationName = Release;
		};
		F0E7B3F928A6686F00F9C9A6 /* Build configuration list for PBXNativeTarget "SwiftAppTesting" */ = {
			isa = XCConfigurationList;
			buildConfigurations = (
				F0E7B3FA28A6686F00F9C9A6 /* Debug */,
				F0E7B3FB28A6686F00F9C9A6 /* Release */,
			);
			defaultConfigurationIsVisible = 0;
			defaultConfigurationName = Release;
		};
		F0E7B3FC28A6686F00F9C9A6 /* Build configuration list for PBXNativeTarget "SwiftAppTestingTests" */ = {
			isa = XCConfigurationList;
			buildConfigurations = (
				F0E7B3FD28A6686F00F9C9A6 /* Debug */,
				F0E7B3FE28A6686F00F9C9A6 /* Release */,
			);
			defaultConfigurationIsVisible = 0;
			defaultConfigurationName = Release;
		};
		F0E7B3FF28A6686F00F9C9A6 /* Build configuration list for PBXNativeTarget "SwiftAppTestingUITests" */ = {
			isa = XCConfigurationList;
			buildConfigurations = (
				F0E7B40028A6686F00F9C9A6 /* Debug */,
				F0E7B40128A6686F00F9C9A6 /* Release */,
			);
			defaultConfigurationIsVisible = 0;
			defaultConfigurationName = Release;
		};
/* End XCConfigurationList section */
	};
	rootObject = F0E7B3C728A6686E00F9C9A6 /* Project object */;
}
